// !$*UTF8*$!
{
	archiveVersion = 1;
	classes = {
	};
	objectVersion = 55;
	objects = {

/* Begin PBXBuildFile section */
		1F4AC6CA286054230032C57A /* SignUpViewController.swift in Sources */ = {isa = PBXBuildFile; fileRef = 1F4AC6C8286054230032C57A /* SignUpViewController.swift */; };
		1F4AC6CB286054230032C57A /* SignUp.xib in Resources */ = {isa = PBXBuildFile; fileRef = 1F4AC6C9286054230032C57A /* SignUp.xib */; };
		1F97496D2861ECBE00A414F1 /* SignUp.swift in Sources */ = {isa = PBXBuildFile; fileRef = 1F97496C2861ECBE00A414F1 /* SignUp.swift */; };
		1F97496F2863142300A414F1 /* Profile.swift in Sources */ = {isa = PBXBuildFile; fileRef = 1F97496E2863142300A414F1 /* Profile.swift */; };
		1F9749712863143400A414F1 /* Profile.xib in Resources */ = {isa = PBXBuildFile; fileRef = 1F9749702863143400A414F1 /* Profile.xib */; };
		1F9749732863147600A414F1 /* ProfileViewController.swift in Sources */ = {isa = PBXBuildFile; fileRef = 1F9749722863147600A414F1 /* ProfileViewController.swift */; };
		1F97F38E285CA1480047A41D /* menuItem.swift in Sources */ = {isa = PBXBuildFile; fileRef = 1F97F38C285CA1480047A41D /* menuItem.swift */; };
		1F97F38F285CA1480047A41D /* menuItem.xib in Resources */ = {isa = PBXBuildFile; fileRef = 1F97F38D285CA1480047A41D /* menuItem.xib */; };
		1F97F392285CA2580047A41D /* versionItem.swift in Sources */ = {isa = PBXBuildFile; fileRef = 1F97F390285CA2580047A41D /* versionItem.swift */; };
		1F97F393285CA2580047A41D /* versionItem.xib in Resources */ = {isa = PBXBuildFile; fileRef = 1F97F391285CA2580047A41D /* versionItem.xib */; };
		1FBB4E24285B1C030003A889 /* HomePage.swift in Sources */ = {isa = PBXBuildFile; fileRef = 1FBB4E23285B1C030003A889 /* HomePage.swift */; };
		1FBB4E26285B1C970003A889 /* HomePage.xib in Resources */ = {isa = PBXBuildFile; fileRef = 1FBB4E25285B1C970003A889 /* HomePage.xib */; };
		1FBB4E28285B26B80003A889 /* Main.storyboard in Resources */ = {isa = PBXBuildFile; fileRef = 1FBB4E27285B26B80003A889 /* Main.storyboard */; };
		1FFBE21E2859F1EC00B4DA56 /* AppDelegate.swift in Sources */ = {isa = PBXBuildFile; fileRef = 1FFBE21D2859F1EC00B4DA56 /* AppDelegate.swift */; };
		1FFBE2202859F1EC00B4DA56 /* SceneDelegate.swift in Sources */ = {isa = PBXBuildFile; fileRef = 1FFBE21F2859F1EC00B4DA56 /* SceneDelegate.swift */; };
		1FFBE2222859F1EC00B4DA56 /* ViewController.swift in Sources */ = {isa = PBXBuildFile; fileRef = 1FFBE2212859F1EC00B4DA56 /* ViewController.swift */; };
		1FFBE2272859F1ED00B4DA56 /* Assets.xcassets in Resources */ = {isa = PBXBuildFile; fileRef = 1FFBE2262859F1ED00B4DA56 /* Assets.xcassets */; };
		1FFBE22A2859F1ED00B4DA56 /* LaunchScreen.storyboard in Resources */ = {isa = PBXBuildFile; fileRef = 1FFBE2282859F1ED00B4DA56 /* LaunchScreen.storyboard */; };
		1FFBE2352859F1EE00B4DA56 /* Demo1Tests.swift in Sources */ = {isa = PBXBuildFile; fileRef = 1FFBE2342859F1EE00B4DA56 /* Demo1Tests.swift */; };
		1FFBE23F2859F1EE00B4DA56 /* Demo1UITests.swift in Sources */ = {isa = PBXBuildFile; fileRef = 1FFBE23E2859F1EE00B4DA56 /* Demo1UITests.swift */; };
		1FFBE2412859F1EE00B4DA56 /* Demo1UITestsLaunchTests.swift in Sources */ = {isa = PBXBuildFile; fileRef = 1FFBE2402859F1EE00B4DA56 /* Demo1UITestsLaunchTests.swift */; };
/* End PBXBuildFile section */

/* Begin PBXContainerItemProxy section */
		1FFBE2312859F1EE00B4DA56 /* PBXContainerItemProxy */ = {
			isa = PBXContainerItemProxy;
			containerPortal = 1FFBE2122859F1EC00B4DA56 /* Project object */;
			proxyType = 1;
			remoteGlobalIDString = 1FFBE2192859F1EC00B4DA56;
			remoteInfo = Demo1;
		};
		1FFBE23B2859F1EE00B4DA56 /* PBXContainerItemProxy */ = {
			isa = PBXContainerItemProxy;
			containerPortal = 1FFBE2122859F1EC00B4DA56 /* Project object */;
			proxyType = 1;
			remoteGlobalIDString = 1FFBE2192859F1EC00B4DA56;
			remoteInfo = Demo1;
		};
/* End PBXContainerItemProxy section */

/* Begin PBXFileReference section */
		1F4AC6C8286054230032C57A /* SignUpViewController.swift */ = {isa = PBXFileReference; lastKnownFileType = sourcecode.swift; path = SignUpViewController.swift; sourceTree = "<group>"; };
		1F4AC6C9286054230032C57A /* SignUp.xib */ = {isa = PBXFileReference; lastKnownFileType = file.xib; path = SignUp.xib; sourceTree = "<group>"; };
		1F97496C2861ECBE00A414F1 /* SignUp.swift */ = {isa = PBXFileReference; lastKnownFileType = sourcecode.swift; path = SignUp.swift; sourceTree = "<group>"; };
		1F97496E2863142300A414F1 /* Profile.swift */ = {isa = PBXFileReference; lastKnownFileType = sourcecode.swift; path = Profile.swift; sourceTree = "<group>"; };
		1F9749702863143400A414F1 /* Profile.xib */ = {isa = PBXFileReference; lastKnownFileType = file.xib; path = Profile.xib; sourceTree = "<group>"; };
		1F9749722863147600A414F1 /* ProfileViewController.swift */ = {isa = PBXFileReference; lastKnownFileType = sourcecode.swift; path = ProfileViewController.swift; sourceTree = "<group>"; };
		1F97F38C285CA1480047A41D /* menuItem.swift */ = {isa = PBXFileReference; lastKnownFileType = sourcecode.swift; path = menuItem.swift; sourceTree = "<group>"; };
		1F97F38D285CA1480047A41D /* menuItem.xib */ = {isa = PBXFileReference; lastKnownFileType = file.xib; path = menuItem.xib; sourceTree = "<group>"; };
		1F97F390285CA2580047A41D /* versionItem.swift */ = {isa = PBXFileReference; lastKnownFileType = sourcecode.swift; path = versionItem.swift; sourceTree = "<group>"; };
		1F97F391285CA2580047A41D /* versionItem.xib */ = {isa = PBXFileReference; lastKnownFileType = file.xib; path = versionItem.xib; sourceTree = "<group>"; };
		1FBB4E23285B1C030003A889 /* HomePage.swift */ = {isa = PBXFileReference; lastKnownFileType = sourcecode.swift; path = HomePage.swift; sourceTree = "<group>"; };
		1FBB4E25285B1C970003A889 /* HomePage.xib */ = {isa = PBXFileReference; lastKnownFileType = file.xib; path = HomePage.xib; sourceTree = "<group>"; };
		1FBB4E27285B26B80003A889 /* Main.storyboard */ = {isa = PBXFileReference; lastKnownFileType = file.storyboard; path = Main.storyboard; sourceTree = "<group>"; };
		1FFBE21A2859F1EC00B4DA56 /* Demo1.app */ = {isa = PBXFileReference; explicitFileType = wrapper.application; includeInIndex = 0; path = Demo1.app; sourceTree = BUILT_PRODUCTS_DIR; };
		1FFBE21D2859F1EC00B4DA56 /* AppDelegate.swift */ = {isa = PBXFileReference; lastKnownFileType = sourcecode.swift; path = AppDelegate.swift; sourceTree = "<group>"; };
		1FFBE21F2859F1EC00B4DA56 /* SceneDelegate.swift */ = {isa = PBXFileReference; lastKnownFileType = sourcecode.swift; path = SceneDelegate.swift; sourceTree = "<group>"; };
		1FFBE2212859F1EC00B4DA56 /* ViewController.swift */ = {isa = PBXFileReference; lastKnownFileType = sourcecode.swift; path = ViewController.swift; sourceTree = "<group>"; };
		1FFBE2262859F1ED00B4DA56 /* Assets.xcassets */ = {isa = PBXFileReference; lastKnownFileType = folder.assetcatalog; path = Assets.xcassets; sourceTree = "<group>"; };
		1FFBE2292859F1ED00B4DA56 /* Base */ = {isa = PBXFileReference; lastKnownFileType = file.storyboard; name = Base; path = Base.lproj/LaunchScreen.storyboard; sourceTree = "<group>"; };
		1FFBE22B2859F1ED00B4DA56 /* Info.plist */ = {isa = PBXFileReference; lastKnownFileType = text.plist.xml; path = Info.plist; sourceTree = "<group>"; };
		1FFBE2302859F1EE00B4DA56 /* Demo1Tests.xctest */ = {isa = PBXFileReference; explicitFileType = wrapper.cfbundle; includeInIndex = 0; path = Demo1Tests.xctest; sourceTree = BUILT_PRODUCTS_DIR; };
		1FFBE2342859F1EE00B4DA56 /* Demo1Tests.swift */ = {isa = PBXFileReference; lastKnownFileType = sourcecode.swift; path = Demo1Tests.swift; sourceTree = "<group>"; };
		1FFBE23A2859F1EE00B4DA56 /* Demo1UITests.xctest */ = {isa = PBXFileReference; explicitFileType = wrapper.cfbundle; includeInIndex = 0; path = Demo1UITests.xctest; sourceTree = BUILT_PRODUCTS_DIR; };
		1FFBE23E2859F1EE00B4DA56 /* Demo1UITests.swift */ = {isa = PBXFileReference; lastKnownFileType = sourcecode.swift; path = Demo1UITests.swift; sourceTree = "<group>"; };
		1FFBE2402859F1EE00B4DA56 /* Demo1UITestsLaunchTests.swift */ = {isa = PBXFileReference; lastKnownFileType = sourcecode.swift; path = Demo1UITestsLaunchTests.swift; sourceTree = "<group>"; };
/* End PBXFileReference section */

/* Begin PBXFrameworksBuildPhase section */
		1FFBE2172859F1EC00B4DA56 /* Frameworks */ = {
			isa = PBXFrameworksBuildPhase;
			buildActionMask = 2147483647;
			files = (
			);
			runOnlyForDeploymentPostprocessing = 0;
		};
		1FFBE22D2859F1EE00B4DA56 /* Frameworks */ = {
			isa = PBXFrameworksBuildPhase;
			buildActionMask = 2147483647;
			files = (
			);
			runOnlyForDeploymentPostprocessing = 0;
		};
		1FFBE2372859F1EE00B4DA56 /* Frameworks */ = {
			isa = PBXFrameworksBuildPhase;
			buildActionMask = 2147483647;
			files = (
			);
			runOnlyForDeploymentPostprocessing = 0;
		};
/* End PBXFrameworksBuildPhase section */

/* Begin PBXGroup section */
		1FFBE2112859F1EC00B4DA56 = {
			isa = PBXGroup;
			children = (
				1FFBE21C2859F1EC00B4DA56 /* Demo1 */,
				1FFBE2332859F1EE00B4DA56 /* Demo1Tests */,
				1FFBE23D2859F1EE00B4DA56 /* Demo1UITests */,
				1FFBE21B2859F1EC00B4DA56 /* Products */,
			);
			sourceTree = "<group>";
		};
		1FFBE21B2859F1EC00B4DA56 /* Products */ = {
			isa = PBXGroup;
			children = (
				1FFBE21A2859F1EC00B4DA56 /* Demo1.app */,
				1FFBE2302859F1EE00B4DA56 /* Demo1Tests.xctest */,
				1FFBE23A2859F1EE00B4DA56 /* Demo1UITests.xctest */,
			);
			name = Products;
			sourceTree = "<group>";
		};
		1FFBE21C2859F1EC00B4DA56 /* Demo1 */ = {
			isa = PBXGroup;
			children = (
				1FFBE21D2859F1EC00B4DA56 /* AppDelegate.swift */,
				1FFBE21F2859F1EC00B4DA56 /* SceneDelegate.swift */,
				1FFBE2282859F1ED00B4DA56 /* LaunchScreen.storyboard */,
				1FBB4E25285B1C970003A889 /* HomePage.xib */,
				1FBB4E23285B1C030003A889 /* HomePage.swift */,
				1F97F38D285CA1480047A41D /* menuItem.xib */,
				1F97F38C285CA1480047A41D /* menuItem.swift */,
				1F97F391285CA2580047A41D /* versionItem.xib */,
				1F97F390285CA2580047A41D /* versionItem.swift */,
				1FBB4E27285B26B80003A889 /* Main.storyboard */,
				1FFBE2212859F1EC00B4DA56 /* ViewController.swift */,
				1F4AC6C9286054230032C57A /* SignUp.xib */,
				1F97496C2861ECBE00A414F1 /* SignUp.swift */,
				1F4AC6C8286054230032C57A /* SignUpViewController.swift */,
				1F9749702863143400A414F1 /* Profile.xib */,
				1F97496E2863142300A414F1 /* Profile.swift */,
				1F9749722863147600A414F1 /* ProfileViewController.swift */,
				1FFBE2262859F1ED00B4DA56 /* Assets.xcassets */,
				1FFBE22B2859F1ED00B4DA56 /* Info.plist */,
			);
			path = Demo1;
			sourceTree = "<group>";
		};
		1FFBE2332859F1EE00B4DA56 /* Demo1Tests */ = {
			isa = PBXGroup;
			children = (
				1FFBE2342859F1EE00B4DA56 /* Demo1Tests.swift */,
			);
			path = Demo1Tests;
			sourceTree = "<group>";
		};
		1FFBE23D2859F1EE00B4DA56 /* Demo1UITests */ = {
			isa = PBXGroup;
			children = (
				1FFBE23E2859F1EE00B4DA56 /* Demo1UITests.swift */,
				1FFBE2402859F1EE00B4DA56 /* Demo1UITestsLaunchTests.swift */,
			);
			path = Demo1UITests;
			sourceTree = "<group>";
		};
/* End PBXGroup section */

/* Begin PBXNativeTarget section */
		1FFBE2192859F1EC00B4DA56 /* Demo1 */ = {
			isa = PBXNativeTarget;
			buildConfigurationList = 1FFBE2442859F1EE00B4DA56 /* Build configuration list for PBXNativeTarget "Demo1" */;
			buildPhases = (
				1FFBE2162859F1EC00B4DA56 /* Sources */,
				1FFBE2172859F1EC00B4DA56 /* Frameworks */,
				1FFBE2182859F1EC00B4DA56 /* Resources */,
			);
			buildRules = (
			);
			dependencies = (
			);
			name = Demo1;
			productName = Demo1;
			productReference = 1FFBE21A2859F1EC00B4DA56 /* Demo1.app */;
			productType = "com.apple.product-type.application";
		};
		1FFBE22F2859F1EE00B4DA56 /* Demo1Tests */ = {
			isa = PBXNativeTarget;
			buildConfigurationList = 1FFBE2472859F1EE00B4DA56 /* Build configuration list for PBXNativeTarget "Demo1Tests" */;
			buildPhases = (
				1FFBE22C2859F1EE00B4DA56 /* Sources */,
				1FFBE22D2859F1EE00B4DA56 /* Frameworks */,
				1FFBE22E2859F1EE00B4DA56 /* Resources */,
			);
			buildRules = (
			);
			dependencies = (
				1FFBE2322859F1EE00B4DA56 /* PBXTargetDependency */,
			);
			name = Demo1Tests;
			productName = Demo1Tests;
			productReference = 1FFBE2302859F1EE00B4DA56 /* Demo1Tests.xctest */;
			productType = "com.apple.product-type.bundle.unit-test";
		};
		1FFBE2392859F1EE00B4DA56 /* Demo1UITests */ = {
			isa = PBXNativeTarget;
			buildConfigurationList = 1FFBE24A2859F1EE00B4DA56 /* Build configuration list for PBXNativeTarget "Demo1UITests" */;
			buildPhases = (
				1FFBE2362859F1EE00B4DA56 /* Sources */,
				1FFBE2372859F1EE00B4DA56 /* Frameworks */,
				1FFBE2382859F1EE00B4DA56 /* Resources */,
			);
			buildRules = (
			);
			dependencies = (
				1FFBE23C2859F1EE00B4DA56 /* PBXTargetDependency */,
			);
			name = Demo1UITests;
			productName = Demo1UITests;
			productReference = 1FFBE23A2859F1EE00B4DA56 /* Demo1UITests.xctest */;
			productType = "com.apple.product-type.bundle.ui-testing";
		};
/* End PBXNativeTarget section */

/* Begin PBXProject section */
		1FFBE2122859F1EC00B4DA56 /* Project object */ = {
			isa = PBXProject;
			attributes = {
				BuildIndependentTargetsInParallel = 1;
				LastSwiftUpdateCheck = 1340;
				LastUpgradeCheck = 1340;
				TargetAttributes = {
					1FFBE2192859F1EC00B4DA56 = {
						CreatedOnToolsVersion = 13.4.1;
					};
					1FFBE22F2859F1EE00B4DA56 = {
						CreatedOnToolsVersion = 13.4.1;
						TestTargetID = 1FFBE2192859F1EC00B4DA56;
					};
					1FFBE2392859F1EE00B4DA56 = {
						CreatedOnToolsVersion = 13.4.1;
						TestTargetID = 1FFBE2192859F1EC00B4DA56;
					};
				};
			};
			buildConfigurationList = 1FFBE2152859F1EC00B4DA56 /* Build configuration list for PBXProject "Demo1" */;
			compatibilityVersion = "Xcode 13.0";
			developmentRegion = en;
			hasScannedForEncodings = 0;
			knownRegions = (
				en,
				Base,
			);
			mainGroup = 1FFBE2112859F1EC00B4DA56;
			productRefGroup = 1FFBE21B2859F1EC00B4DA56 /* Products */;
			projectDirPath = "";
			projectRoot = "";
			targets = (
				1FFBE2192859F1EC00B4DA56 /* Demo1 */,
				1FFBE22F2859F1EE00B4DA56 /* Demo1Tests */,
				1FFBE2392859F1EE00B4DA56 /* Demo1UITests */,
			);
		};
/* End PBXProject section */

/* Begin PBXResourcesBuildPhase section */
		1FFBE2182859F1EC00B4DA56 /* Resources */ = {
			isa = PBXResourcesBuildPhase;
			buildActionMask = 2147483647;
			files = (
				1FBB4E26285B1C970003A889 /* HomePage.xib in Resources */,
				1F97F393285CA2580047A41D /* versionItem.xib in Resources */,
				1F4AC6CB286054230032C57A /* SignUp.xib in Resources */,
				1FFBE22A2859F1ED00B4DA56 /* LaunchScreen.storyboard in Resources */,
				1F97F38F285CA1480047A41D /* menuItem.xib in Resources */,
				1F9749712863143400A414F1 /* Profile.xib in Resources */,
				1FFBE2272859F1ED00B4DA56 /* Assets.xcassets in Resources */,
				1FBB4E28285B26B80003A889 /* Main.storyboard in Resources */,
			);
			runOnlyForDeploymentPostprocessing = 0;
		};
		1FFBE22E2859F1EE00B4DA56 /* Resources */ = {
			isa = PBXResourcesBuildPhase;
			buildActionMask = 2147483647;
			files = (
			);
			runOnlyForDeploymentPostprocessing = 0;
		};
		1FFBE2382859F1EE00B4DA56 /* Resources */ = {
			isa = PBXResourcesBuildPhase;
			buildActionMask = 2147483647;
			files = (
			);
			runOnlyForDeploymentPostprocessing = 0;
		};
/* End PBXResourcesBuildPhase section */

/* Begin PBXSourcesBuildPhase section */
		1FFBE2162859F1EC00B4DA56 /* Sources */ = {
			isa = PBXSourcesBuildPhase;
			buildActionMask = 2147483647;
			files = (
				1FFBE2222859F1EC00B4DA56 /* ViewController.swift in Sources */,
				1F4AC6CA286054230032C57A /* SignUpViewController.swift in Sources */,
				1F9749732863147600A414F1 /* ProfileViewController.swift in Sources */,
				1FFBE21E2859F1EC00B4DA56 /* AppDelegate.swift in Sources */,
				1FFBE2202859F1EC00B4DA56 /* SceneDelegate.swift in Sources */,
				1F97F392285CA2580047A41D /* versionItem.swift in Sources */,
				1F97496D2861ECBE00A414F1 /* SignUp.swift in Sources */,
				1F97F38E285CA1480047A41D /* menuItem.swift in Sources */,
				1F97496F2863142300A414F1 /* Profile.swift in Sources */,
				1FBB4E24285B1C030003A889 /* HomePage.swift in Sources */,
			);
			runOnlyForDeploymentPostprocessing = 0;
		};
		1FFBE22C2859F1EE00B4DA56 /* Sources */ = {
			isa = PBXSourcesBuildPhase;
			buildActionMask = 2147483647;
			files = (
				1FFBE2352859F1EE00B4DA56 /* Demo1Tests.swift in Sources */,
			);
			runOnlyForDeploymentPostprocessing = 0;
		};
		1FFBE2362859F1EE00B4DA56 /* Sources */ = {
			isa = PBXSourcesBuildPhase;
			buildActionMask = 2147483647;
			files = (
				1FFBE23F2859F1EE00B4DA56 /* Demo1UITests.swift in Sources */,
				1FFBE2412859F1EE00B4DA56 /* Demo1UITestsLaunchTests.swift in Sources */,
			);
			runOnlyForDeploymentPostprocessing = 0;
		};
/* End PBXSourcesBuildPhase section */

/* Begin PBXTargetDependency section */
		1FFBE2322859F1EE00B4DA56 /* PBXTargetDependency */ = {
			isa = PBXTargetDependency;
			target = 1FFBE2192859F1EC00B4DA56 /* Demo1 */;
			targetProxy = 1FFBE2312859F1EE00B4DA56 /* PBXContainerItemProxy */;
		};
		1FFBE23C2859F1EE00B4DA56 /* PBXTargetDependency */ = {
			isa = PBXTargetDependency;
			target = 1FFBE2192859F1EC00B4DA56 /* Demo1 */;
			targetProxy = 1FFBE23B2859F1EE00B4DA56 /* PBXContainerItemProxy */;
		};
/* End PBXTargetDependency section */

/* Begin PBXVariantGroup section */
		1FFBE2282859F1ED00B4DA56 /* LaunchScreen.storyboard */ = {
			isa = PBXVariantGroup;
			children = (
				1FFBE2292859F1ED00B4DA56 /* Base */,
			);
			name = LaunchScreen.storyboard;
			sourceTree = "<group>";
		};
/* End PBXVariantGroup section */

/* Begin XCBuildConfiguration section */
		1FFBE2422859F1EE00B4DA56 /* Debug */ = {
			isa = XCBuildConfiguration;
			buildSettings = {
				ALWAYS_SEARCH_USER_PATHS = NO;
				CLANG_ANALYZER_NONNULL = YES;
				CLANG_ANALYZER_NUMBER_OBJECT_CONVERSION = YES_AGGRESSIVE;
				CLANG_CXX_LANGUAGE_STANDARD = "gnu++17";
				CLANG_ENABLE_MODULES = YES;
				CLANG_ENABLE_OBJC_ARC = YES;
				CLANG_ENABLE_OBJC_WEAK = YES;
				CLANG_WARN_BLOCK_CAPTURE_AUTORELEASING = YES;
				CLANG_WARN_BOOL_CONVERSION = YES;
				CLANG_WARN_COMMA = YES;
				CLANG_WARN_CONSTANT_CONVERSION = YES;
				CLANG_WARN_DEPRECATED_OBJC_IMPLEMENTATIONS = YES;
				CLANG_WARN_DIRECT_OBJC_ISA_USAGE = YES_ERROR;
				CLANG_WARN_DOCUMENTATION_COMMENTS = YES;
				CLANG_WARN_EMPTY_BODY = YES;
				CLANG_WARN_ENUM_CONVERSION = YES;
				CLANG_WARN_INFINITE_RECURSION = YES;
				CLANG_WARN_INT_CONVERSION = YES;
				CLANG_WARN_NON_LITERAL_NULL_CONVERSION = YES;
				CLANG_WARN_OBJC_IMPLICIT_RETAIN_SELF = YES;
				CLANG_WARN_OBJC_LITERAL_CONVERSION = YES;
				CLANG_WARN_OBJC_ROOT_CLASS = YES_ERROR;
				CLANG_WARN_QUOTED_INCLUDE_IN_FRAMEWORK_HEADER = YES;
				CLANG_WARN_RANGE_LOOP_ANALYSIS = YES;
				CLANG_WARN_STRICT_PROTOTYPES = YES;
				CLANG_WARN_SUSPICIOUS_MOVE = YES;
				CLANG_WARN_UNGUARDED_AVAILABILITY = YES_AGGRESSIVE;
				CLANG_WARN_UNREACHABLE_CODE = YES;
				CLANG_WARN__DUPLICATE_METHOD_MATCH = YES;
				COPY_PHASE_STRIP = NO;
				DEBUG_INFORMATION_FORMAT = dwarf;
				ENABLE_STRICT_OBJC_MSGSEND = YES;
				ENABLE_TESTABILITY = YES;
				GCC_C_LANGUAGE_STANDARD = gnu11;
				GCC_DYNAMIC_NO_PIC = NO;
				GCC_NO_COMMON_BLOCKS = YES;
				GCC_OPTIMIZATION_LEVEL = 0;
				GCC_PREPROCESSOR_DEFINITIONS = (
					"DEBUG=1",
					"$(inherited)",
				);
				GCC_WARN_64_TO_32_BIT_CONVERSION = YES;
				GCC_WARN_ABOUT_RETURN_TYPE = YES_ERROR;
				GCC_WARN_UNDECLARED_SELECTOR = YES;
				GCC_WARN_UNINITIALIZED_AUTOS = YES_AGGRESSIVE;
				GCC_WARN_UNUSED_FUNCTION = YES;
				GCC_WARN_UNUSED_VARIABLE = YES;
				IPHONEOS_DEPLOYMENT_TARGET = 15.5;
				MTL_ENABLE_DEBUG_INFO = INCLUDE_SOURCE;
				MTL_FAST_MATH = YES;
				ONLY_ACTIVE_ARCH = YES;
				SDKROOT = iphoneos;
				SWIFT_ACTIVE_COMPILATION_CONDITIONS = DEBUG;
				SWIFT_OPTIMIZATION_LEVEL = "-Onone";
			};
			name = Debug;
		};
		1FFBE2432859F1EE00B4DA56 /* Release */ = {
			isa = XCBuildConfiguration;
			buildSettings = {
				ALWAYS_SEARCH_USER_PATHS = NO;
				CLANG_ANALYZER_NONNULL = YES;
				CLANG_ANALYZER_NUMBER_OBJECT_CONVERSION = YES_AGGRESSIVE;
				CLANG_CXX_LANGUAGE_STANDARD = "gnu++17";
				CLANG_ENABLE_MODULES = YES;
				CLANG_ENABLE_OBJC_ARC = YES;
				CLANG_ENABLE_OBJC_WEAK = YES;
				CLANG_WARN_BLOCK_CAPTURE_AUTORELEASING = YES;
				CLANG_WARN_BOOL_CONVERSION = YES;
				CLANG_WARN_COMMA = YES;
				CLANG_WARN_CONSTANT_CONVERSION = YES;
				CLANG_WARN_DEPRECATED_OBJC_IMPLEMENTATIONS = YES;
				CLANG_WARN_DIRECT_OBJC_ISA_USAGE = YES_ERROR;
				CLANG_WARN_DOCUMENTATION_COMMENTS = YES;
				CLANG_WARN_EMPTY_BODY = YES;
				CLANG_WARN_ENUM_CONVERSION = YES;
				CLANG_WARN_INFINITE_RECURSION = YES;
				CLANG_WARN_INT_CONVERSION = YES;
				CLANG_WARN_NON_LITERAL_NULL_CONVERSION = YES;
				CLANG_WARN_OBJC_IMPLICIT_RETAIN_SELF = YES;
				CLANG_WARN_OBJC_LITERAL_CONVERSION = YES;
				CLANG_WARN_OBJC_ROOT_CLASS = YES_ERROR;
				CLANG_WARN_QUOTED_INCLUDE_IN_FRAMEWORK_HEADER = YES;
				CLANG_WARN_RANGE_LOOP_ANALYSIS = YES;
				CLANG_WARN_STRICT_PROTOTYPES = YES;
				CLANG_WARN_SUSPICIOUS_MOVE = YES;
				CLANG_WARN_UNGUARDED_AVAILABILITY = YES_AGGRESSIVE;
				CLANG_WARN_UNREACHABLE_CODE = YES;
				CLANG_WARN__DUPLICATE_METHOD_MATCH = YES;
				COPY_PHASE_STRIP = NO;
				DEBUG_INFORMATION_FORMAT = "dwarf-with-dsym";
				ENABLE_NS_ASSERTIONS = NO;
				ENABLE_STRICT_OBJC_MSGSEND = YES;
				GCC_C_LANGUAGE_STANDARD = gnu11;
				GCC_NO_COMMON_BLOCKS = YES;
				GCC_WARN_64_TO_32_BIT_CONVERSION = YES;
				GCC_WARN_ABOUT_RETURN_TYPE = YES_ERROR;
				GCC_WARN_UNDECLARED_SELECTOR = YES;
				GCC_WARN_UNINITIALIZED_AUTOS = YES_AGGRESSIVE;
				GCC_WARN_UNUSED_FUNCTION = YES;
				GCC_WARN_UNUSED_VARIABLE = YES;
				IPHONEOS_DEPLOYMENT_TARGET = 15.5;
				MTL_ENABLE_DEBUG_INFO = NO;
				MTL_FAST_MATH = YES;
				SDKROOT = iphoneos;
				SWIFT_COMPILATION_MODE = wholemodule;
				SWIFT_OPTIMIZATION_LEVEL = "-O";
				VALIDATE_PRODUCT = YES;
			};
			name = Release;
		};
		1FFBE2452859F1EE00B4DA56 /* Debug */ = {
			isa = XCBuildConfiguration;
			buildSettings = {
				ASSETCATALOG_COMPILER_APPICON_NAME = AppIcon;
				ASSETCATALOG_COMPILER_GLOBAL_ACCENT_COLOR_NAME = AccentColor;
				CODE_SIGN_STYLE = Automatic;
				CURRENT_PROJECT_VERSION = 1;
				DEVELOPMENT_TEAM = 34BGZ5N6EX;
				GENERATE_INFOPLIST_FILE = YES;
				INFOPLIST_FILE = Demo1/Info.plist;
				INFOPLIST_KEY_UIApplicationSupportsIndirectInputEvents = YES;
				INFOPLIST_KEY_UILaunchStoryboardName = LaunchScreen;
				INFOPLIST_KEY_UIMainStoryboardFile = Main;
				INFOPLIST_KEY_UISupportedInterfaceOrientations = "UIInterfaceOrientationPortrait UIInterfaceOrientationLandscapeLeft UIInterfaceOrientationLandscapeRight";
				INFOPLIST_KEY_UISupportedInterfaceOrientations_iPad = "UIInterfaceOrientationPortrait UIInterfaceOrientationPortraitUpsideDown UIInterfaceOrientationLandscapeLeft UIInterfaceOrientationLandscapeRight";
				INFOPLIST_KEY_UISupportedInterfaceOrientations_iPhone = "UIInterfaceOrientationPortrait UIInterfaceOrientationLandscapeLeft UIInterfaceOrientationLandscapeRight";
				LD_RUNPATH_SEARCH_PATHS = (
					"$(inherited)",
					"@executable_path/Frameworks",
				);
				MARKETING_VERSION = 1.0;
				PRODUCT_BUNDLE_IDENTIFIER = com.hannainst.india.Demo1;
				PRODUCT_NAME = "$(TARGET_NAME)";
				SWIFT_EMIT_LOC_STRINGS = YES;
				SWIFT_VERSION = 5.0;
				TARGETED_DEVICE_FAMILY = "1,2";
			};
			name = Debug;
		};
		1FFBE2462859F1EE00B4DA56 /* Release */ = {
			isa = XCBuildConfiguration;
			buildSettings = {
				ASSETCATALOG_COMPILER_APPICON_NAME = AppIcon;
				ASSETCATALOG_COMPILER_GLOBAL_ACCENT_COLOR_NAME = AccentColor;
				CODE_SIGN_STYLE = Automatic;
				CURRENT_PROJECT_VERSION = 1;
				DEVELOPMENT_TEAM = 34BGZ5N6EX;
				GENERATE_INFOPLIST_FILE = YES;
				INFOPLIST_FILE = Demo1/Info.plist;
				INFOPLIST_KEY_UIApplicationSupportsIndirectInputEvents = YES;
				INFOPLIST_KEY_UILaunchStoryboardName = LaunchScreen;
				INFOPLIST_KEY_UIMainStoryboardFile = Main;
				INFOPLIST_KEY_UISupportedInterfaceOrientations = "UIInterfaceOrientationPortrait UIInterfaceOrientationLandscapeLeft UIInterfaceOrientationLandscapeRight";
				INFOPLIST_KEY_UISupportedInterfaceOrientations_iPad = "UIInterfaceOrientationPortrait UIInterfaceOrientationPortraitUpsideDown UIInterfaceOrientationLandscapeLeft UIInterfaceOrientationLandscapeRight";
				INFOPLIST_KEY_UISupportedInterfaceOrientations_iPhone = "UIInterfaceOrientationPortrait UIInterfaceOrientationLandscapeLeft UIInterfaceOrientationLandscapeRight";
				LD_RUNPATH_SEARCH_PATHS = (
					"$(inherited)",
					"@executable_path/Frameworks",
				);
				MARKETING_VERSION = 1.0;
				PRODUCT_BUNDLE_IDENTIFIER = com.hannainst.india.Demo1;
				PRODUCT_NAME = "$(TARGET_NAME)";
				SWIFT_EMIT_LOC_STRINGS = YES;
				SWIFT_VERSION = 5.0;
				TARGETED_DEVICE_FAMILY = "1,2";
			};
			name = Release;
		};
		1FFBE2482859F1EE00B4DA56 /* Debug */ = {
			isa = XCBuildConfiguration;
			buildSettings = {
				ALWAYS_EMBED_SWIFT_STANDARD_LIBRARIES = YES;
				BUNDLE_LOADER = "$(TEST_HOST)";
				CODE_SIGN_STYLE = Automatic;
				CURRENT_PROJECT_VERSION = 1;
				GENERATE_INFOPLIST_FILE = YES;
				IPHONEOS_DEPLOYMENT_TARGET = 15.5;
				MARKETING_VERSION = 1.0;
				PRODUCT_BUNDLE_IDENTIFIER = com.hannainst.india.Demo1Tests;
				PRODUCT_NAME = "$(TARGET_NAME)";
				SWIFT_EMIT_LOC_STRINGS = NO;
				SWIFT_VERSION = 5.0;
				TARGETED_DEVICE_FAMILY = "1,2";
				TEST_HOST = "$(BUILT_PRODUCTS_DIR)/Demo1.app/Demo1";
			};
			name = Debug;
		};
		1FFBE2492859F1EE00B4DA56 /* Release */ = {
			isa = XCBuildConfiguration;
			buildSettings = {
				ALWAYS_EMBED_SWIFT_STANDARD_LIBRARIES = YES;
				BUNDLE_LOADER = "$(TEST_HOST)";
				CODE_SIGN_STYLE = Automatic;
				CURRENT_PROJECT_VERSION = 1;
				GENERATE_INFOPLIST_FILE = YES;
				IPHONEOS_DEPLOYMENT_TARGET = 15.5;
				MARKETING_VERSION = 1.0;
				PRODUCT_BUNDLE_IDENTIFIER = com.hannainst.india.Demo1Tests;
				PRODUCT_NAME = "$(TARGET_NAME)";
				SWIFT_EMIT_LOC_STRINGS = NO;
				SWIFT_VERSION = 5.0;
				TARGETED_DEVICE_FAMILY = "1,2";
				TEST_HOST = "$(BUILT_PRODUCTS_DIR)/Demo1.app/Demo1";
			};
			name = Release;
		};
		1FFBE24B2859F1EE00B4DA56 /* Debug */ = {
			isa = XCBuildConfiguration;
			buildSettings = {
				ALWAYS_EMBED_SWIFT_STANDARD_LIBRARIES = YES;
				CODE_SIGN_STYLE = Automatic;
				CURRENT_PROJECT_VERSION = 1;
				GENERATE_INFOPLIST_FILE = YES;
				MARKETING_VERSION = 1.0;
				PRODUCT_BUNDLE_IDENTIFIER = com.hannainst.india.Demo1UITests;
				PRODUCT_NAME = "$(TARGET_NAME)";
				SWIFT_EMIT_LOC_STRINGS = NO;
				SWIFT_VERSION = 5.0;
				TARGETED_DEVICE_FAMILY = "1,2";
				TEST_TARGET_NAME = Demo1;
			};
			name = Debug;
		};
		1FFBE24C2859F1EE00B4DA56 /* Release */ = {
			isa = XCBuildConfiguration;
			buildSettings = {
				ALWAYS_EMBED_SWIFT_STANDARD_LIBRARIES = YES;
				CODE_SIGN_STYLE = Automatic;
				CURRENT_PROJECT_VERSION = 1;
				GENERATE_INFOPLIST_FILE = YES;
				MARKETING_VERSION = 1.0;
				PRODUCT_BUNDLE_IDENTIFIER = com.hannainst.india.Demo1UITests;
				PRODUCT_NAME = "$(TARGET_NAME)";
				SWIFT_EMIT_LOC_STRINGS = NO;
				SWIFT_VERSION = 5.0;
				TARGETED_DEVICE_FAMILY = "1,2";
				TEST_TARGET_NAME = Demo1;
			};
			name = Release;
		};
/* End XCBuildConfiguration section */

/* Begin XCConfigurationList section */
		1FFBE2152859F1EC00B4DA56 /* Build configuration list for PBXProject "Demo1" */ = {
			isa = XCConfigurationList;
			buildConfigurations = (
				1FFBE2422859F1EE00B4DA56 /* Debug */,
				1FFBE2432859F1EE00B4DA56 /* Release */,
			);
			defaultConfigurationIsVisible = 0;
			defaultConfigurationName = Release;
		};
		1FFBE2442859F1EE00B4DA56 /* Build configuration list for PBXNativeTarget "Demo1" */ = {
			isa = XCConfigurationList;
			buildConfigurations = (
				1FFBE2452859F1EE00B4DA56 /* Debug */,
				1FFBE2462859F1EE00B4DA56 /* Release */,
			);
			defaultConfigurationIsVisible = 0;
			defaultConfigurationName = Release;
		};
		1FFBE2472859F1EE00B4DA56 /* Build configuration list for PBXNativeTarget "Demo1Tests" */ = {
			isa = XCConfigurationList;
			buildConfigurations = (
				1FFBE2482859F1EE00B4DA56 /* Debug */,
				1FFBE2492859F1EE00B4DA56 /* Release */,
			);
			defaultConfigurationIsVisible = 0;
			defaultConfigurationName = Release;
		};
		1FFBE24A2859F1EE00B4DA56 /* Build configuration list for PBXNativeTarget "Demo1UITests" */ = {
			isa = XCConfigurationList;
			buildConfigurations = (
				1FFBE24B2859F1EE00B4DA56 /* Debug */,
				1FFBE24C2859F1EE00B4DA56 /* Release */,
			);
			defaultConfigurationIsVisible = 0;
			defaultConfigurationName = Release;
		};
/* End XCConfigurationList section */
	};
	rootObject = 1FFBE2122859F1EC00B4DA56 /* Project object */;
}
